
Microsoft Visual Studio Solution File, Format Version 12.00
# Visual Studio Version 17
VisualStudioVersion = 17.5.33502.453
MinimumVisualStudioVersion = 10.0.40219.1
Project("{FAE04EC0-301F-11D3-BF4B-00C04F79EFBC}") = "MVCSite", "MVCSite\MVCSite.csproj", "{B2285DE5-8408-45BA-A2CB-87FEABB2C83A}"
EndProject
Global
	GlobalSection(SolutionConfigurationPlatforms) = preSolution
		Debug|Any CPU = Debug|Any CPU
		Release|Any CPU = Release|Any CPU
	EndGlobalSection
	GlobalSection(ProjectConfigurationPlatforms) = postSolution
		{B2285DE5-8408-45BA-A2CB-87FEABB2C83A}.Debug|Any CPU.ActiveCfg = Debug|Any CPU
		{B2285DE5-8408-45BA-A2CB-87FEABB2C83A}.Debug|Any CPU.Build.0 = Debug|Any CPU
		{B2285DE5-8408-45BA-A2CB-87FEABB2C83A}.Release|Any CPU.ActiveCfg = Release|Any CPU
		{B2285DE5-8408-45BA-A2CB-87FEABB2C83A}.Release|Any CPU.Build.0 = Release|Any CPU
	EndGlobalSection
	GlobalSection(SolutionProperties) = preSolution
		HideSolutionNode = FALSE
	EndGlobalSection
	GlobalSection(ExtensibilityGlobals) = postSolution
		SolutionGuid = {08994C2F-F74A-4F51-AA14-04A72E6E73FD}
	EndGlobalSection
EndGlobal
